
Microsoft Visual Studio Solution File, Format Version 12.00
# Visual Studio Version 16
VisualStudioVersion = 16.0.30907.101
MinimumVisualStudioVersion = 10.0.40219.1
Project("{FAE04EC0-301F-11D3-BF4B-00C04F79EFBC}") = "HashingLib", "HashingLib\HashingLib.csproj", "{9F981A07-FA5C-4A70-A07E-2E77E3B72841}"
EndProject
Global
	GlobalSection(SolutionConfigurationPlatforms) = preSolution
		Debug|Any CPU = Debug|Any CPU
		Release|Any CPU = Release|Any CPU
	EndGlobalSection
	GlobalSection(ProjectConfigurationPlatforms) = postSolution
		{9F981A07-FA5C-4A70-A07E-2E77E3B72841}.Debug|Any CPU.ActiveCfg = Debug|Any CPU
		{9F981A07-FA5C-4A70-A07E-2E77E3B72841}.Debug|Any CPU.Build.0 = Debug|Any CPU
		{9F981A07-FA5C-4A70-A07E-2E77E3B72841}.Release|Any CPU.ActiveCfg = Release|Any CPU
		{9F981A07-FA5C-4A70-A07E-2E77E3B72841}.Release|Any CPU.Build.0 = Release|Any CPU
	EndGlobalSection
	GlobalSection(SolutionProperties) = preSolution
		HideSolutionNode = FALSE
	EndGlobalSection
	GlobalSection(ExtensibilityGlobals) = postSolution
		SolutionGuid = {B2608CBA-4523-44EA-8EDE-79A350D1514E}
	EndGlobalSection
EndGlobal
